// !$*UTF8*$!
{
	archiveVersion = 1;
	classes = {
	};
	objectVersion = 46;
	objects = {

/* Begin PBXBuildFile section */
		BF579CE71924C42C006CF143 /* Foundation.framework in Frameworks */ = {isa = PBXBuildFile; fileRef = BF579CE61924C42C006CF143 /* Foundation.framework */; };
		BF579CE91924C42C006CF143 /* CoreGraphics.framework in Frameworks */ = {isa = PBXBuildFile; fileRef = BF579CE81924C42C006CF143 /* CoreGraphics.framework */; };
		BF579CEB1924C42C006CF143 /* UIKit.framework in Frameworks */ = {isa = PBXBuildFile; fileRef = BF579CEA1924C42C006CF143 /* UIKit.framework */; };
		BF579CF11924C42C006CF143 /* InfoPlist.strings in Resources */ = {isa = PBXBuildFile; fileRef = BF579CEF1924C42C006CF143 /* InfoPlist.strings */; };
		BF579CF31924C42C006CF143 /* main.m in Sources */ = {isa = PBXBuildFile; fileRef = BF579CF21924C42C006CF143 /* main.m */; };
		BF579CF71924C42C006CF143 /* AppDelegate.m in Sources */ = {isa = PBXBuildFile; fileRef = BF579CF61924C42C006CF143 /* AppDelegate.m */; };
		BF579CFA1924C42C006CF143 /* Main.storyboard in Resources */ = {isa = PBXBuildFile; fileRef = BF579CF81924C42C006CF143 /* Main.storyboard */; };
		BF579CFD1924C42C006CF143 /* ViewController.m in Sources */ = {isa = PBXBuildFile; fileRef = BF579CFC1924C42C006CF143 /* ViewController.m */; };
		BF579CFF1924C42C006CF143 /* Images.xcassets in Resources */ = {isa = PBXBuildFile; fileRef = BF579CFE1924C42C006CF143 /* Images.xcassets */; };
		BF579D061924C42C006CF143 /* XCTest.framework in Frameworks */ = {isa = PBXBuildFile; fileRef = BF579D051924C42C006CF143 /* XCTest.framework */; };
		BF579D071924C42C006CF143 /* Foundation.framework in Frameworks */ = {isa = PBXBuildFile; fileRef = BF579CE61924C42C006CF143 /* Foundation.framework */; };
		BF579D081924C42C006CF143 /* UIKit.framework in Frameworks */ = {isa = PBXBuildFile; fileRef = BF579CEA1924C42C006CF143 /* UIKit.framework */; };
		BF579D101924C42D006CF143 /* InfoPlist.strings in Resources */ = {isa = PBXBuildFile; fileRef = BF579D0E1924C42D006CF143 /* InfoPlist.strings */; };
		BF579D121924C42D006CF143 /* MMDrawerControllerMasterDetailTests.m in Sources */ = {isa = PBXBuildFile; fileRef = BF579D111924C42D006CF143 /* MMDrawerControllerMasterDetailTests.m */; };
/* End PBXBuildFile section */

/* Begin PBXContainerItemProxy section */
		BF579D091924C42C006CF143 /* PBXContainerItemProxy */ = {
			isa = PBXContainerItemProxy;
			containerPortal = BF579CDB1924C42C006CF143 /* Project object */;
			proxyType = 1;
			remoteGlobalIDString = BF579CE21924C42C006CF143;
			remoteInfo = MMDrawerControllerMasterDetail;
		};
/* End PBXContainerItemProxy section */

/* Begin PBXFileReference section */
		BF579CE31924C42C006CF143 /* MMDrawerControllerMasterDetail.app */ = {isa = PBXFileReference; explicitFileType = wrapper.application; includeInIndex = 0; path = MMDrawerControllerMasterDetail.app; sourceTree = BUILT_PRODUCTS_DIR; };
		BF579CE61924C42C006CF143 /* Foundation.framework */ = {isa = PBXFileReference; lastKnownFileType = wrapper.framework; name = Foundation.framework; path = System/Library/Frameworks/Foundation.framework; sourceTree = SDKROOT; };
		BF579CE81924C42C006CF143 /* CoreGraphics.framework */ = {isa = PBXFileReference; lastKnownFileType = wrapper.framework; name = CoreGraphics.framework; path = System/Library/Frameworks/CoreGraphics.framework; sourceTree = SDKROOT; };
		BF579CEA1924C42C006CF143 /* UIKit.framework */ = {isa = PBXFileReference; lastKnownFileType = wrapper.framework; name = UIKit.framework; path = System/Library/Frameworks/UIKit.framework; sourceTree = SDKROOT; };
		BF579CEE1924C42C006CF143 /* MMDrawerControllerMasterDetail-Info.plist */ = {isa = PBXFileReference; lastKnownFileType = text.plist.xml; path = "MMDrawerControllerMasterDetail-Info.plist"; sourceTree = "<group>"; };
		BF579CF01924C42C006CF143 /* en */ = {isa = PBXFileReference; lastKnownFileType = text.plist.strings; name = en; path = en.lproj/InfoPlist.strings; sourceTree = "<group>"; };
		BF579CF21924C42C006CF143 /* main.m */ = {isa = PBXFileReference; lastKnownFileType = sourcecode.c.objc; path = main.m; sourceTree = "<group>"; };
		BF579CF41924C42C006CF143 /* MMDrawerControllerMasterDetail-Prefix.pch */ = {isa = PBXFileReference; lastKnownFileType = sourcecode.c.h; path = "MMDrawerControllerMasterDetail-Prefix.pch"; sourceTree = "<group>"; };
		BF579CF51924C42C006CF143 /* AppDelegate.h */ = {isa = PBXFileReference; lastKnownFileType = sourcecode.c.h; path = AppDelegate.h; sourceTree = "<group>"; };
		BF579CF61924C42C006CF143 /* AppDelegate.m */ = {isa = PBXFileReference; lastKnownFileType = sourcecode.c.objc; path = AppDelegate.m; sourceTree = "<group>"; };
		BF579CF91924C42C006CF143 /* Base */ = {isa = PBXFileReference; lastKnownFileType = file.storyboard; name = Base; path = Base.lproj/Main.storyboard; sourceTree = "<group>"; };
		BF579CFB1924C42C006CF143 /* ViewController.h */ = {isa = PBXFileReference; lastKnownFileType = sourcecode.c.h; path = ViewController.h; sourceTree = "<group>"; };
		BF579CFC1924C42C006CF143 /* ViewController.m */ = {isa = PBXFileReference; lastKnownFileType = sourcecode.c.objc; path = ViewController.m; sourceTree = "<group>"; };
		BF579CFE1924C42C006CF143 /* Images.xcassets */ = {isa = PBXFileReference; lastKnownFileType = folder.assetcatalog; path = Images.xcassets; sourceTree = "<group>"; };
		BF579D041924C42C006CF143 /* MMDrawerControllerMasterDetailTests.xctest */ = {isa = PBXFileReference; explicitFileType = wrapper.cfbundle; includeInIndex = 0; path = MMDrawerControllerMasterDetailTests.xctest; sourceTree = BUILT_PRODUCTS_DIR; };
		BF579D051924C42C006CF143 /* XCTest.framework */ = {isa = PBXFileReference; lastKnownFileType = wrapper.framework; name = XCTest.framework; path = Library/Frameworks/XCTest.framework; sourceTree = DEVELOPER_DIR; };
		BF579D0D1924C42D006CF143 /* MMDrawerControllerMasterDetailTests-Info.plist */ = {isa = PBXFileReference; lastKnownFileType = text.plist.xml; path = "MMDrawerControllerMasterDetailTests-Info.plist"; sourceTree = "<group>"; };
		BF579D0F1924C42D006CF143 /* en */ = {isa = PBXFileReference; lastKnownFileType = text.plist.strings; name = en; path = en.lproj/InfoPlist.strings; sourceTree = "<group>"; };
		BF579D111924C42D006CF143 /* MMDrawerControllerMasterDetailTests.m */ = {isa = PBXFileReference; lastKnownFileType = sourcecode.c.objc; path = MMDrawerControllerMasterDetailTests.m; sourceTree = "<group>"; };
/* End PBXFileReference section */

/* Begin PBXFrameworksBuildPhase section */
		BF579CE01924C42C006CF143 /* Frameworks */ = {
			isa = PBXFrameworksBuildPhase;
			buildActionMask = 2147483647;
			files = (
				BF579CE91924C42C006CF143 /* CoreGraphics.framework in Frameworks */,
				BF579CEB1924C42C006CF143 /* UIKit.framework in Frameworks */,
				BF579CE71924C42C006CF143 /* Foundation.framework in Frameworks */,
			);
			runOnlyForDeploymentPostprocessing = 0;
		};
		BF579D011924C42C006CF143 /* Frameworks */ = {
			isa = PBXFrameworksBuildPhase;
			buildActionMask = 2147483647;
			files = (
				BF579D061924C42C006CF143 /* XCTest.framework in Frameworks */,
				BF579D081924C42C006CF143 /* UIKit.framework in Frameworks */,
				BF579D071924C42C006CF143 /* Foundation.framework in Frameworks */,
			);
			runOnlyForDeploymentPostprocessing = 0;
		};
/* End PBXFrameworksBuildPhase section */

/* Begin PBXGroup section */
		BF579CDA1924C42C006CF143 = {
			isa = PBXGroup;
			children = (
				BF579CEC1924C42C006CF143 /* MMDrawerControllerMasterDetail */,
				BF579D0B1924C42C006CF143 /* MMDrawerControllerMasterDetailTests */,
				BF579CE51924C42C006CF143 /* Frameworks */,
				BF579CE41924C42C006CF143 /* Products */,
			);
			sourceTree = "<group>";
		};
		BF579CE41924C42C006CF143 /* Products */ = {
			isa = PBXGroup;
			children = (
				BF579CE31924C42C006CF143 /* MMDrawerControllerMasterDetail.app */,
				BF579D041924C42C006CF143 /* MMDrawerControllerMasterDetailTests.xctest */,
			);
			name = Products;
			sourceTree = "<group>";
		};
		BF579CE51924C42C006CF143 /* Frameworks */ = {
			isa = PBXGroup;
			children = (
				BF579CE61924C42C006CF143 /* Foundation.framework */,
				BF579CE81924C42C006CF143 /* CoreGraphics.framework */,
				BF579CEA1924C42C006CF143 /* UIKit.framework */,
				BF579D051924C42C006CF143 /* XCTest.framework */,
			);
			name = Frameworks;
			sourceTree = "<group>";
		};
		BF579CEC1924C42C006CF143 /* MMDrawerControllerMasterDetail */ = {
			isa = PBXGroup;
			children = (
				BF579CF51924C42C006CF143 /* AppDelegate.h */,
				BF579CF61924C42C006CF143 /* AppDelegate.m */,
				BF579CF81924C42C006CF143 /* Main.storyboard */,
				BF579CFB1924C42C006CF143 /* ViewController.h */,
				BF579CFC1924C42C006CF143 /* ViewController.m */,
				BF579CFE1924C42C006CF143 /* Images.xcassets */,
				BF579CED1924C42C006CF143 /* Supporting Files */,
			);
			path = MMDrawerControllerMasterDetail;
			sourceTree = "<group>";
		};
		BF579CED1924C42C006CF143 /* Supporting Files */ = {
			isa = PBXGroup;
			children = (
				BF579CEE1924C42C006CF143 /* MMDrawerControllerMasterDetail-Info.plist */,
				BF579CEF1924C42C006CF143 /* InfoPlist.strings */,
				BF579CF21924C42C006CF143 /* main.m */,
				BF579CF41924C42C006CF143 /* MMDrawerControllerMasterDetail-Prefix.pch */,
			);
			name = "Supporting Files";
			sourceTree = "<group>";
		};
		BF579D0B1924C42C006CF143 /* MMDrawerControllerMasterDetailTests */ = {
			isa = PBXGroup;
			children = (
				BF579D111924C42D006CF143 /* MMDrawerControllerMasterDetailTests.m */,
				BF579D0C1924C42D006CF143 /* Supporting Files */,
			);
			path = MMDrawerControllerMasterDetailTests;
			sourceTree = "<group>";
		};
		BF579D0C1924C42D006CF143 /* Supporting Files */ = {
			isa = PBXGroup;
			children = (
				BF579D0D1924C42D006CF143 /* MMDrawerControllerMasterDetailTests-Info.plist */,
				BF579D0E1924C42D006CF143 /* InfoPlist.strings */,
			);
			name = "Supporting Files";
			sourceTree = "<group>";
		};
/* End PBXGroup section */

/* Begin PBXNativeTarget section */
		BF579CE21924C42C006CF143 /* MMDrawerControllerMasterDetail */ = {
			isa = PBXNativeTarget;
			buildConfigurationList = BF579D151924C42D006CF143 /* Build configuration list for PBXNativeTarget "MMDrawerControllerMasterDetail" */;
			buildPhases = (
				BF579CDF1924C42C006CF143 /* Sources */,
				BF579CE01924C42C006CF143 /* Frameworks */,
				BF579CE11924C42C006CF143 /* Resources */,
			);
			buildRules = (
			);
			dependencies = (
			);
			name = MMDrawerControllerMasterDetail;
			productName = MMDrawerControllerMasterDetail;
			productReference = BF579CE31924C42C006CF143 /* MMDrawerControllerMasterDetail.app */;
			productType = "com.apple.product-type.application";
		};
		BF579D031924C42C006CF143 /* MMDrawerControllerMasterDetailTests */ = {
			isa = PBXNativeTarget;
			buildConfigurationList = BF579D181924C42D006CF143 /* Build configuration list for PBXNativeTarget "MMDrawerControllerMasterDetailTests" */;
			buildPhases = (
				BF579D001924C42C006CF143 /* Sources */,
				BF579D011924C42C006CF143 /* Frameworks */,
				BF579D021924C42C006CF143 /* Resources */,
			);
			buildRules = (
			);
			dependencies = (
				BF579D0A1924C42C006CF143 /* PBXTargetDependency */,
			);
			name = MMDrawerControllerMasterDetailTests;
			productName = MMDrawerControllerMasterDetailTests;
			productReference = BF579D041924C42C006CF143 /* MMDrawerControllerMasterDetailTests.xctest */;
			productType = "com.apple.product-type.bundle.unit-test";
		};
/* End PBXNativeTarget section */

/* Begin PBXProject section */
		BF579CDB1924C42C006CF143 /* Project object */ = {
			isa = PBXProject;
			attributes = {
				LastUpgradeCheck = 0510;
				ORGANIZATIONNAME = "Jose Luis Franconetti Olmedo";
				TargetAttributes = {
					BF579D031924C42C006CF143 = {
						TestTargetID = BF579CE21924C42C006CF143;
					};
				};
			};
			buildConfigurationList = BF579CDE1924C42C006CF143 /* Build configuration list for PBXProject "MMDrawerControllerMasterDetail" */;
			compatibilityVersion = "Xcode 3.2";
			developmentRegion = English;
			hasScannedForEncodings = 0;
			knownRegions = (
				en,
				Base,
			);
			mainGroup = BF579CDA1924C42C006CF143;
			productRefGroup = BF579CE41924C42C006CF143 /* Products */;
			projectDirPath = "";
			projectRoot = "";
			targets = (
				BF579CE21924C42C006CF143 /* MMDrawerControllerMasterDetail */,
				BF579D031924C42C006CF143 /* MMDrawerControllerMasterDetailTests */,
			);
		};
/* End PBXProject section */

/* Begin PBXResourcesBuildPhase section */
		BF579CE11924C42C006CF143 /* Resources */ = {
			isa = PBXResourcesBuildPhase;
			buildActionMask = 2147483647;
			files = (
				BF579CFF1924C42C006CF143 /* Images.xcassets in Resources */,
				BF579CF11924C42C006CF143 /* InfoPlist.strings in Resources */,
				BF579CFA1924C42C006CF143 /* Main.storyboard in Resources */,
			);
			runOnlyForDeploymentPostprocessing = 0;
		};
		BF579D021924C42C006CF143 /* Resources */ = {
			isa = PBXResourcesBuildPhase;
			buildActionMask = 2147483647;
			files = (
				BF579D101924C42D006CF143 /* InfoPlist.strings in Resources */,
			);
			runOnlyForDeploymentPostprocessing = 0;
		};
/* End PBXResourcesBuildPhase section */

/* Begin PBXSourcesBuildPhase section */
		BF579CDF1924C42C006CF143 /* Sources */ = {
			isa = PBXSourcesBuildPhase;
			buildActionMask = 2147483647;
			files = (
				BF579CFD1924C42C006CF143 /* ViewController.m in Sources */,
				BF579CF71924C42C006CF143 /* AppDelegate.m in Sources */,
				BF579CF31924C42C006CF143 /* main.m in Sources */,
			);
			runOnlyForDeploymentPostprocessing = 0;
		};
		BF579D001924C42C006CF143 /* Sources */ = {
			isa = PBXSourcesBuildPhase;
			buildActionMask = 2147483647;
			files = (
				BF579D121924C42D006CF143 /* MMDrawerControllerMasterDetailTests.m in Sources */,
			);
			runOnlyForDeploymentPostprocessing = 0;
		};
/* End PBXSourcesBuildPhase section */

/* Begin PBXTargetDependency section */
		BF579D0A1924C42C006CF143 /* PBXTargetDependency */ = {
			isa = PBXTargetDependency;
			target = BF579CE21924C42C006CF143 /* MMDrawerControllerMasterDetail */;
			targetProxy = BF579D091924C42C006CF143 /* PBXContainerItemProxy */;
		};
/* End PBXTargetDependency section */

/* Begin PBXVariantGroup section */
		BF579CEF1924C42C006CF143 /* InfoPlist.strings */ = {
			isa = PBXVariantGroup;
			children = (
				BF579CF01924C42C006CF143 /* en */,
			);
			name = InfoPlist.strings;
			sourceTree = "<group>";
		};
		BF579CF81924C42C006CF143 /* Main.storyboard */ = {
			isa = PBXVariantGroup;
			children = (
				BF579CF91924C42C006CF143 /* Base */,
			);
			name = Main.storyboard;
			sourceTree = "<group>";
		};
		BF579D0E1924C42D006CF143 /* InfoPlist.strings */ = {
			isa = PBXVariantGroup;
			children = (
				BF579D0F1924C42D006CF143 /* en */,
			);
			name = InfoPlist.strings;
			sourceTree = "<group>";
		};
/* End PBXVariantGroup section */

/* Begin XCBuildConfiguration section */
		BF579D131924C42D006CF143 /* Debug */ = {
			isa = XCBuildConfiguration;
			buildSettings = {
				ALWAYS_SEARCH_USER_PATHS = NO;
				CLANG_CXX_LANGUAGE_STANDARD = "gnu++0x";
				CLANG_CXX_LIBRARY = "libc++";
				CLANG_ENABLE_MODULES = YES;
				CLANG_ENABLE_OBJC_ARC = YES;
				CLANG_WARN_BOOL_CONVERSION = YES;
				CLANG_WARN_CONSTANT_CONVERSION = YES;
				CLANG_WARN_DIRECT_OBJC_ISA_USAGE = YES_ERROR;
				CLANG_WARN_EMPTY_BODY = YES;
				CLANG_WARN_ENUM_CONVERSION = YES;
				CLANG_WARN_INT_CONVERSION = YES;
				CLANG_WARN_OBJC_ROOT_CLASS = YES_ERROR;
				CLANG_WARN__DUPLICATE_METHOD_MATCH = YES;
				"CODE_SIGN_IDENTITY[sdk=iphoneos*]" = "iPhone Developer";
				COPY_PHASE_STRIP = NO;
				GCC_C_LANGUAGE_STANDARD = gnu99;
				GCC_DYNAMIC_NO_PIC = NO;
				GCC_OPTIMIZATION_LEVEL = 0;
				GCC_PREPROCESSOR_DEFINITIONS = (
					"DEBUG=1",
					"$(inherited)",
				);
				GCC_SYMBOLS_PRIVATE_EXTERN = NO;
				GCC_WARN_64_TO_32_BIT_CONVERSION = YES;
				GCC_WARN_ABOUT_RETURN_TYPE = YES_ERROR;
				GCC_WARN_UNDECLARED_SELECTOR = YES;
				GCC_WARN_UNINITIALIZED_AUTOS = YES_AGGRESSIVE;
				GCC_WARN_UNUSED_FUNCTION = YES;
				GCC_WARN_UNUSED_VARIABLE = YES;
				IPHONEOS_DEPLOYMENT_TARGET = 7.1;
				ONLY_ACTIVE_ARCH = YES;
				SDKROOT = iphoneos;
			};
			name = Debug;
		};
		BF579D141924C42D006CF143 /* Release */ = {
			isa = XCBuildConfiguration;
			buildSettings = {
				ALWAYS_SEARCH_USER_PATHS = NO;
				CLANG_CXX_LANGUAGE_STANDARD = "gnu++0x";
				CLANG_CXX_LIBRARY = "libc++";
				CLANG_ENABLE_MODULES = YES;
				CLANG_ENABLE_OBJC_ARC = YES;
				CLANG_WARN_BOOL_CONVERSION = YES;
				CLANG_WARN_CONSTANT_CONVERSION = YES;
				CLANG_WARN_DIRECT_OBJC_ISA_USAGE = YES_ERROR;
				CLANG_WARN_EMPTY_BODY = YES;
				CLANG_WARN_ENUM_CONVERSION = YES;
				CLANG_WARN_INT_CONVERSION = YES;
				CLANG_WARN_OBJC_ROOT_CLASS = YES_ERROR;
				CLANG_WARN__DUPLICATE_METHOD_MATCH = YES;
				"CODE_SIGN_IDENTITY[sdk=iphoneos*]" = "iPhone Developer";
				COPY_PHASE_STRIP = YES;
				ENABLE_NS_ASSERTIONS = NO;
				GCC_C_LANGUAGE_STANDARD = gnu99;
				GCC_WARN_64_TO_32_BIT_CONVERSION = YES;
				GCC_WARN_ABOUT_RETURN_TYPE = YES_ERROR;
				GCC_WARN_UNDECLARED_SELECTOR = YES;
				GCC_WARN_UNINITIALIZED_AUTOS = YES_AGGRESSIVE;
				GCC_WARN_UNUSED_FUNCTION = YES;
				GCC_WARN_UNUSED_VARIABLE = YES;
				IPHONEOS_DEPLOYMENT_TARGET = 7.1;
				SDKROOT = iphoneos;
				VALIDATE_PRODUCT = YES;
			};
			name = Release;
		};
		BF579D161924C42D006CF143 /* Debug */ = {
			isa = XCBuildConfiguration;
			buildSettings = {
				ASSETCATALOG_COMPILER_APPICON_NAME = AppIcon;
				ASSETCATALOG_COMPILER_LAUNCHIMAGE_NAME = LaunchImage;
				GCC_PRECOMPILE_PREFIX_HEADER = YES;
				GCC_PREFIX_HEADER = "MMDrawerControllerMasterDetail/MMDrawerControllerMasterDetail-Prefix.pch";
				INFOPLIST_FILE = "MMDrawerControllerMasterDetail/MMDrawerControllerMasterDetail-Info.plist";
				PRODUCT_NAME = "$(TARGET_NAME)";
				WRAPPER_EXTENSION = app;
			};
			name = Debug;
		};
		BF579D171924C42D006CF143 /* Release */ = {
			isa = XCBuildConfiguration;
			buildSettings = {
				ASSETCATALOG_COMPILER_APPICON_NAME = AppIcon;
				ASSETCATALOG_COMPILER_LAUNCHIMAGE_NAME = LaunchImage;
				GCC_PRECOMPILE_PREFIX_HEADER = YES;
				GCC_PREFIX_HEADER = "MMDrawerControllerMasterDetail/MMDrawerControllerMasterDetail-Prefix.pch";
				INFOPLIST_FILE = "MMDrawerControllerMasterDetail/MMDrawerControllerMasterDetail-Info.plist";
				PRODUCT_NAME = "$(TARGET_NAME)";
				WRAPPER_EXTENSION = app;
			};
			name = Release;
		};
		BF579D191924C42D006CF143 /* Debug */ = {
			isa = XCBuildConfiguration;
			buildSettings = {
				BUNDLE_LOADER = "$(BUILT_PRODUCTS_DIR)/MMDrawerControllerMasterDetail.app/MMDrawerControllerMasterDetail";
				FRAMEWORK_SEARCH_PATHS = (
					"$(SDKROOT)/Developer/Library/Frameworks",
					"$(inherited)",
					"$(DEVELOPER_FRAMEWORKS_DIR)",
				);
				GCC_PRECOMPILE_PREFIX_HEADER = YES;
				GCC_PREFIX_HEADER = "MMDrawerControllerMasterDetail/MMDrawerControllerMasterDetail-Prefix.pch";
				GCC_PREPROCESSOR_DEFINITIONS = (
					"DEBUG=1",
					"$(inherited)",
				);
				INFOPLIST_FILE = "MMDrawerControllerMasterDetailTests/MMDrawerControllerMasterDetailTests-Info.plist";
				PRODUCT_NAME = "$(TARGET_NAME)";
				TEST_HOST = "$(BUNDLE_LOADER)";
				WRAPPER_EXTENSION = xctest;
			};
			name = Debug;
		};
		BF579D1A1924C42D006CF143 /* Release */ = {
			isa = XCBuildConfiguration;
			buildSettings = {
				BUNDLE_LOADER = "$(BUILT_PRODUCTS_DIR)/MMDrawerControllerMasterDetail.app/MMDrawerControllerMasterDetail";
				FRAMEWORK_SEARCH_PATHS = (
					"$(SDKROOT)/Developer/Library/Frameworks",
					"$(inherited)",
					"$(DEVELOPER_FRAMEWORKS_DIR)",
				);
				GCC_PRECOMPILE_PREFIX_HEADER = YES;
				GCC_PREFIX_HEADER = "MMDrawerControllerMasterDetail/MMDrawerControllerMasterDetail-Prefix.pch";
				INFOPLIST_FILE = "MMDrawerControllerMasterDetailTests/MMDrawerControllerMasterDetailTests-Info.plist";
				PRODUCT_NAME = "$(TARGET_NAME)";
				TEST_HOST = "$(BUNDLE_LOADER)";
				WRAPPER_EXTENSION = xctest;
			};
			name = Release;
		};
/* End XCBuildConfiguration section */

/* Begin XCConfigurationList section */
		BF579CDE1924C42C006CF143 /* Build configuration list for PBXProject "MMDrawerControllerMasterDetail" */ = {
			isa = XCConfigurationList;
			buildConfigurations = (
				BF579D131924C42D006CF143 /* Debug */,
				BF579D141924C42D006CF143 /* Release */,
			);
			defaultConfigurationIsVisible = 0;
			defaultConfigurationName = Release;
		};
		BF579D151924C42D006CF143 /* Build configuration list for PBXNativeTarget "MMDrawerControllerMasterDetail" */ = {
			isa = XCConfigurationList;
			buildConfigurations = (
				BF579D161924C42D006CF143 /* Debug */,
				BF579D171924C42D006CF143 /* Release */,
			);
			defaultConfigurationIsVisible = 0;
		};
		BF579D181924C42D006CF143 /* Build configuration list for PBXNativeTarget "MMDrawerControllerMasterDetailTests" */ = {
			isa = XCConfigurationList;
			buildConfigurations = (
				BF579D191924C42D006CF143 /* Debug */,
				BF579D1A1924C42D006CF143 /* Release */,
			);
			defaultConfigurationIsVisible = 0;
		};
/* End XCConfigurationList section */
	};
	rootObject = BF579CDB1924C42C006CF143 /* Project object */;
}
